
Microsoft Visual Studio Solution File, Format Version 12.00
# Visual Studio Version 17
VisualStudioVersion = 17.8.34316.72
MinimumVisualStudioVersion = 10.0.40219.1
Project("{8BC9CEB8-8B4A-11D0-8D11-00A0C91BC942}") = "Airport-simulation", "Airport-simulation\Airport-simulation.vcxproj", "{79F6C50D-602C-465D-8C45-875EEE2ABA2C}"
EndProject
Global
	GlobalSection(SolutionConfigurationPlatforms) = preSolution
		Debug|x64 = Debug|x64
		Debug|x86 = Debug|x86
		Release|x64 = Release|x64
		Release|x86 = Release|x86
	EndGlobalSection
	GlobalSection(ProjectConfigurationPlatforms) = postSolution
		{79F6C50D-602C-465D-8C45-875EEE2ABA2C}.Debug|x64.ActiveCfg = Debug|x64
		{79F6C50D-602C-465D-8C45-875EEE2ABA2C}.Debug|x64.Build.0 = Debug|x64
		{79F6C50D-602C-465D-8C45-875EEE2ABA2C}.Debug|x86.ActiveCfg = Debug|Win32
		{79F6C50D-602C-465D-8C45-875EEE2ABA2C}.Debug|x86.Build.0 = Debug|Win32
		{79F6C50D-602C-465D-8C45-875EEE2ABA2C}.Release|x64.ActiveCfg = Release|x64
		{79F6C50D-602C-465D-8C45-875EEE2ABA2C}.Release|x64.Build.0 = Release|x64
		{79F6C50D-602C-465D-8C45-875EEE2ABA2C}.Release|x86.ActiveCfg = Release|Win32
		{79F6C50D-602C-465D-8C45-875EEE2ABA2C}.Release|x86.Build.0 = Release|Win32
	EndGlobalSection
	GlobalSection(SolutionProperties) = preSolution
		HideSolutionNode = FALSE
	EndGlobalSection
	GlobalSection(ExtensibilityGlobals) = postSolution
		SolutionGuid = {7C4E1AE4-F85E-45DC-8921-3BDA91894BA7}
	EndGlobalSection
EndGlobal
